PODS:
  - IQKeyboardManagerSwift (6.5.6)
  - Realm (10.7.2):
    - Realm/Headers (= 10.7.2)
  - Realm/Headers (10.7.2)
  - RealmSwift (10.7.2):
    - Realm (= 10.7.2)
  - SearchTextField (1.2.4)
  - SwipeCellKit (2.7.1)

DEPENDENCIES:
  - IQKeyboardManagerSwift
  - RealmSwift
  - SearchTextField
  - SwipeCellKit

SPEC REPOS:
  trunk:
    - IQKeyboardManagerSwift
    - Realm
    - RealmSwift
    - SearchTextField
    - SwipeCellKit

SPEC CHECKSUMS:
  IQKeyboardManagerSwift: c7df9d2deb356c04522f5c4b7b6e4ce4d8ed94fe
  Realm: e523da9ade306c5ae87e85dc09fdef148d3e1cc1
  RealmSwift: 4f6758c3adbdcc87f7b7777107226532a077f61c
  SearchTextField: 40dc3cc57def5a211f263cac263622c163bbc25a
  SwipeCellKit: 3972254a826da74609926daf59b08d6c72e619ea

PODFILE CHECKSUM: c7282d47ced9304c5203f559296b5ab82688ff12

COCOAPODS: 1.10.1
